
Microsoft Visual Studio Solution File, Format Version 12.00
# Visual Studio 2012
Project("{E24C65DC-7377-472B-9ABA-BC803B73C61A}") = "ODataViewer", "http://localhost:44903", "{075BD0AC-AC62-4554-900F-93A88D87EC8B}"
	ProjectSection(WebsiteProperties) = preProject
		UseIISExpress = "true"
		TargetFrameworkMoniker = ".NETFramework,Version%3Dv4.0"
		Debug.AspNetCompiler.VirtualPath = "/ODataViewer"
		Debug.AspNetCompiler.PhysicalPath = "ODataViewer\"
		Debug.AspNetCompiler.TargetPath = "PrecompiledWeb\ODataViewer\"
		Debug.AspNetCompiler.Updateable = "true"
		Debug.AspNetCompiler.ForceOverwrite = "true"
		Debug.AspNetCompiler.FixedNames = "false"
		Debug.AspNetCompiler.Debug = "True"
		Release.AspNetCompiler.VirtualPath = "/ODataViewer"
		Release.AspNetCompiler.PhysicalPath = "ODataViewer\"
		Release.AspNetCompiler.TargetPath = "PrecompiledWeb\ODataViewer\"
		Release.AspNetCompiler.Updateable = "true"
		Release.AspNetCompiler.ForceOverwrite = "true"
		Release.AspNetCompiler.FixedNames = "false"
		Release.AspNetCompiler.Debug = "False"
		SlnRelativePath = "ODataViewer\"
	EndProjectSection
EndProject
Global
	GlobalSection(SolutionConfigurationPlatforms) = preSolution
		Debug|Any CPU = Debug|Any CPU
	EndGlobalSection
	GlobalSection(ProjectConfigurationPlatforms) = postSolution
		{075BD0AC-AC62-4554-900F-93A88D87EC8B}.Debug|Any CPU.ActiveCfg = Debug|Any CPU
		{075BD0AC-AC62-4554-900F-93A88D87EC8B}.Debug|Any CPU.Build.0 = Debug|Any CPU
	EndGlobalSection
	GlobalSection(SolutionProperties) = preSolution
		HideSolutionNode = FALSE
	EndGlobalSection
EndGlobal
